
Microsoft Visual Studio Solution File, Format Version 12.00
# Visual Studio Version 17
VisualStudioVersion = 17.9.34714.143
MinimumVisualStudioVersion = 10.0.40219.1
Project("{FAE04EC0-301F-11D3-BF4B-00C04F79EFBC}") = "WebShop.Common", "WebShop.Common\WebShop.Common.csproj", "{76C9BDE2-782E-4377-B986-08CB95CBECFC}"
EndProject
Project("{FAE04EC0-301F-11D3-BF4B-00C04F79EFBC}") = "WebShop.SQL", "WebShop.SQL\WebShop.SQL.csproj", "{8A34C120-307C-4F56-B315-C18AB1E2376D}"
EndProject
Project("{FAE04EC0-301F-11D3-BF4B-00C04F79EFBC}") = "WebShop.API", "WebShop.API\WebShop.API.csproj", "{2B251CA6-02E9-4535-ACF0-53AC4978EA33}"
EndProject
Project("{FAE04EC0-301F-11D3-BF4B-00C04F79EFBC}") = "WebShop.Tests", "WebShop.Tests\WebShop.Tests.csproj", "{9ACF1516-8AD0-4964-9E00-4EDC810A85D9}"
EndProject
Project("{2150E333-8FDC-42A3-9474-1A3956D46DE8}") = "Solution Items", "Solution Items", "{FEF0152B-B9CB-4DFF-A83C-2351104D9EA3}"
	ProjectSection(SolutionItems) = preProject
		docker-compose.yml = docker-compose.yml
		Dockerfile = Dockerfile
	EndProjectSection
EndProject
Global
	GlobalSection(SolutionConfigurationPlatforms) = preSolution
		Debug|Any CPU = Debug|Any CPU
		Release|Any CPU = Release|Any CPU
	EndGlobalSection
	GlobalSection(ProjectConfigurationPlatforms) = postSolution
		{76C9BDE2-782E-4377-B986-08CB95CBECFC}.Debug|Any CPU.ActiveCfg = Debug|Any CPU
		{76C9BDE2-782E-4377-B986-08CB95CBECFC}.Debug|Any CPU.Build.0 = Debug|Any CPU
		{76C9BDE2-782E-4377-B986-08CB95CBECFC}.Release|Any CPU.ActiveCfg = Release|Any CPU
		{76C9BDE2-782E-4377-B986-08CB95CBECFC}.Release|Any CPU.Build.0 = Release|Any CPU
		{8A34C120-307C-4F56-B315-C18AB1E2376D}.Debug|Any CPU.ActiveCfg = Debug|Any CPU
		{8A34C120-307C-4F56-B315-C18AB1E2376D}.Debug|Any CPU.Build.0 = Debug|Any CPU
		{8A34C120-307C-4F56-B315-C18AB1E2376D}.Release|Any CPU.ActiveCfg = Release|Any CPU
		{8A34C120-307C-4F56-B315-C18AB1E2376D}.Release|Any CPU.Build.0 = Release|Any CPU
		{2B251CA6-02E9-4535-ACF0-53AC4978EA33}.Debug|Any CPU.ActiveCfg = Debug|Any CPU
		{2B251CA6-02E9-4535-ACF0-53AC4978EA33}.Debug|Any CPU.Build.0 = Debug|Any CPU
		{2B251CA6-02E9-4535-ACF0-53AC4978EA33}.Release|Any CPU.ActiveCfg = Release|Any CPU
		{2B251CA6-02E9-4535-ACF0-53AC4978EA33}.Release|Any CPU.Build.0 = Release|Any CPU
		{9ACF1516-8AD0-4964-9E00-4EDC810A85D9}.Debug|Any CPU.ActiveCfg = Debug|Any CPU
		{9ACF1516-8AD0-4964-9E00-4EDC810A85D9}.Debug|Any CPU.Build.0 = Debug|Any CPU
		{9ACF1516-8AD0-4964-9E00-4EDC810A85D9}.Release|Any CPU.ActiveCfg = Release|Any CPU
		{9ACF1516-8AD0-4964-9E00-4EDC810A85D9}.Release|Any CPU.Build.0 = Release|Any CPU
	EndGlobalSection
	GlobalSection(SolutionProperties) = preSolution
		HideSolutionNode = FALSE
	EndGlobalSection
	GlobalSection(ExtensibilityGlobals) = postSolution
		SolutionGuid = {8AF5589E-AC35-4F94-8B12-5C4AFB37A2D5}
	EndGlobalSection
EndGlobal
